
Microsoft Visual Studio Solution File, Format Version 12.00
# Visual Studio 15
VisualStudioVersion = 15.0.27130.2010
MinimumVisualStudioVersion = 10.0.40219.1
Project("{FAE04EC0-301F-11D3-BF4B-00C04F79EFBC}") = "Gargantuan.Tarantula", "Gargantuan.Tarantula\Gargantuan.Tarantula.csproj", "{8EEC8006-0418-4DED-94E4-5253630AC959}"
EndProject
Global
	GlobalSection(SolutionConfigurationPlatforms) = preSolution
		Debug|Any CPU = Debug|Any CPU
		Release|Any CPU = Release|Any CPU
	EndGlobalSection
	GlobalSection(ProjectConfigurationPlatforms) = postSolution
		{8EEC8006-0418-4DED-94E4-5253630AC959}.Debug|Any CPU.ActiveCfg = Debug|Any CPU
		{8EEC8006-0418-4DED-94E4-5253630AC959}.Debug|Any CPU.Build.0 = Debug|Any CPU
		{8EEC8006-0418-4DED-94E4-5253630AC959}.Release|Any CPU.ActiveCfg = Release|Any CPU
		{8EEC8006-0418-4DED-94E4-5253630AC959}.Release|Any CPU.Build.0 = Release|Any CPU
	EndGlobalSection
	GlobalSection(SolutionProperties) = preSolution
		HideSolutionNode = FALSE
	EndGlobalSection
	GlobalSection(ExtensibilityGlobals) = postSolution
		SolutionGuid = {C76962EF-C543-459E-9910-FC2D39C3114F}
	EndGlobalSection
EndGlobal
